
Microsoft Visual Studio Solution File, Format Version 12.00
# Visual Studio 15
VisualStudioVersion = 15.0.27004.2005
MinimumVisualStudioVersion = 10.0.40219.1
Project("{FAE04EC0-301F-11D3-BF4B-00C04F79EFBC}") = "LittleFootLiberaryAutomation", "LittleFootLiberaryAutomation\LittleFootLiberaryAutomation.csproj", "{95D65B0B-BD55-4B37-86E8-CFE6D07FAE71}"
EndProject
Global
	GlobalSection(SolutionConfigurationPlatforms) = preSolution
		Debug|Any CPU = Debug|Any CPU
		Release|Any CPU = Release|Any CPU
	EndGlobalSection
	GlobalSection(ProjectConfigurationPlatforms) = postSolution
		{95D65B0B-BD55-4B37-86E8-CFE6D07FAE71}.Debug|Any CPU.ActiveCfg = Debug|Any CPU
		{95D65B0B-BD55-4B37-86E8-CFE6D07FAE71}.Debug|Any CPU.Build.0 = Debug|Any CPU
		{95D65B0B-BD55-4B37-86E8-CFE6D07FAE71}.Release|Any CPU.ActiveCfg = Release|Any CPU
		{95D65B0B-BD55-4B37-86E8-CFE6D07FAE71}.Release|Any CPU.Build.0 = Release|Any CPU
	EndGlobalSection
	GlobalSection(SolutionProperties) = preSolution
		HideSolutionNode = FALSE
	EndGlobalSection
	GlobalSection(ExtensibilityGlobals) = postSolution
		SolutionGuid = {2521C8E2-764D-438E-B4A3-504B2E379704}
	EndGlobalSection
EndGlobal
